{
  "nodes": {
    "agenix": {
      "inputs": {
        "nixpkgs": "nixpkgs"
      },
      "locked": {
        "lastModified": 1620877075,
        "narHash": "sha256-XvgTqtmQZHegu9UMDSR50gK5cHEM2gbnRH0qecmdN54=",
        "owner": "ryantm",
        "repo": "agenix",
        "rev": "e543aa7d68f222e1e771165da9e9a64b5bf7b3e3",
        "type": "github"
      },
      "original": {
        "owner": "ryantm",
        "repo": "agenix",
        "type": "github"
      }
    },
    "nixpkgs": {
      "locked": {
        "lastModified": 1618628710,
        "narHash": "sha256-9xIoU+BrCpjs5nfWcd/GlU7XCVdnNKJPffoNTxgGfhs=",
        "path": "/nix/store/z1rf17q0fxj935cmplzys4gg6nxj1as0-source",
        "rev": "7919518f0235106d050c77837df5e338fb94de5d",
        "type": "path"
      },
      "original": {
        "id": "nixpkgs",
        "type": "indirect"
      }
    },
    "nixpkgs_2": {
      "locked": {
        "lastModified": 1622622179,
        "narHash": "sha256-XCw/9QDuj9J6prVR8YrteTcFKj2sRWYIjwgs8qOOrYQ=",
        "owner": "nixos",
        "repo": "nixpkgs",
        "rev": "eaba7870ffc3400eca4407baa24184b7fe337ec1",
        "type": "github"
      },
      "original": {
        "owner": "nixos",
        "ref": "nixos-21.05",
        "repo": "nixpkgs",
        "type": "github"
      }
    },
    "root": {
      "inputs": {
        "agenix": "agenix",
        "nixpkgs": "nixpkgs_2",
        "rpi4pkgs": "rpi4pkgs"
      }
    },
    "rpi4pkgs": {
      "locked": {
        "lastModified": 1614989413,
        "narHash": "sha256-g503bGSdVhLu2cKR5sHG8XetLFrVUzAL3+mrnQJpmdY=",
        "owner": "NixOS",
        "repo": "nixpkgs",
        "rev": "102eb68ceecbbd32ab1906a53ef5a7269dc9794a",
        "type": "github"
      },
      "original": {
        "owner": "NixOS",
        "repo": "nixpkgs",
        "rev": "102eb68ceecbbd32ab1906a53ef5a7269dc9794a",
        "type": "github"
      }
    }
  },
  "root": "root",
  "version": 7
}
